{
  "name": "@graphql-box/connection-resolver",
  "version": "0.1.3",
  "lockfileVersion": 1,
  "requires": true,
  "dependencies": {
    "js-base64": {
      "version": "3.6.0",
      "resolved": "https://registry.npmjs.org/js-base64/-/js-base64-3.6.0.tgz",
      "integrity": "sha512-wVdUBYQeY2gY73RIlPrysvpYx+2vheGo8Y1SNQv/BzHToWpAZzJU7Z6uheKMAe+GLSBig5/Ps2nxg/8tRB73xg=="
    },
    "type-fest": {
      "version": "1.1.1",
      "resolved": "https://registry.npmjs.org/type-fest/-/type-fest-1.1.1.tgz",
      "integrity": "sha512-RPDKc5KrIyKTP7Fk75LruUagqG6b+OTgXlCR2Z0aQDJFeIvL4/mhahSEtHmmVzXu4gmA0srkF/8FCH3WOWxTWA=="
    }
  }
}
